
Microsoft Visual Studio Solution File, Format Version 12.00
# Visual Studio Version 17
VisualStudioVersion = 17.9.34723.18
MinimumVisualStudioVersion = 10.0.40219.1
Project("{FAE04EC0-301F-11D3-BF4B-00C04F79EFBC}") = "Parcial_ABM_Proveedores", "Parcial_ABM_Proveedores\Parcial_ABM_Proveedores.csproj", "{2CA38A94-8757-44EF-A4B3-27661AE6BD7C}"
EndProject
Global
	GlobalSection(SolutionConfigurationPlatforms) = preSolution
		Debug|Any CPU = Debug|Any CPU
		Release|Any CPU = Release|Any CPU
	EndGlobalSection
	GlobalSection(ProjectConfigurationPlatforms) = postSolution
		{2CA38A94-8757-44EF-A4B3-27661AE6BD7C}.Debug|Any CPU.ActiveCfg = Debug|Any CPU
		{2CA38A94-8757-44EF-A4B3-27661AE6BD7C}.Debug|Any CPU.Build.0 = Debug|Any CPU
		{2CA38A94-8757-44EF-A4B3-27661AE6BD7C}.Release|Any CPU.ActiveCfg = Release|Any CPU
		{2CA38A94-8757-44EF-A4B3-27661AE6BD7C}.Release|Any CPU.Build.0 = Release|Any CPU
	EndGlobalSection
	GlobalSection(SolutionProperties) = preSolution
		HideSolutionNode = FALSE
	EndGlobalSection
	GlobalSection(ExtensibilityGlobals) = postSolution
		SolutionGuid = {8EB5071A-C5D9-47C2-BFE7-36E07D832D38}
	EndGlobalSection
EndGlobal
